
Microsoft Visual Studio Solution File, Format Version 12.00
# Visual Studio 14
VisualStudioVersion = 14.0.25420.1
MinimumVisualStudioVersion = 10.0.40219.1
Project("{FAE04EC0-301F-11D3-BF4B-00C04F79EFBC}") = "sSocketClient", "sSocketClient\sSocketClient.csproj", "{955F932F-CA06-40B5-A301-94CFAA93D9DB}"
EndProject
Project("{FAE04EC0-301F-11D3-BF4B-00C04F79EFBC}") = "sSocketServer", "sSocketServer\sSocketServer.csproj", "{5EED5525-3499-4544-A72D-39641502E055}"
EndProject
Project("{FAE04EC0-301F-11D3-BF4B-00C04F79EFBC}") = "Net", "Net\Net.csproj", "{6965E116-45AA-4386-945B-8EB47D820310}"
EndProject
Global
	GlobalSection(SolutionConfigurationPlatforms) = preSolution
		Debug|Any CPU = Debug|Any CPU
		Release|Any CPU = Release|Any CPU
	EndGlobalSection
	GlobalSection(ProjectConfigurationPlatforms) = postSolution
		{955F932F-CA06-40B5-A301-94CFAA93D9DB}.Debug|Any CPU.ActiveCfg = Debug|Any CPU
		{955F932F-CA06-40B5-A301-94CFAA93D9DB}.Debug|Any CPU.Build.0 = Debug|Any CPU
		{955F932F-CA06-40B5-A301-94CFAA93D9DB}.Release|Any CPU.ActiveCfg = Release|Any CPU
		{955F932F-CA06-40B5-A301-94CFAA93D9DB}.Release|Any CPU.Build.0 = Release|Any CPU
		{5EED5525-3499-4544-A72D-39641502E055}.Debug|Any CPU.ActiveCfg = Debug|Any CPU
		{5EED5525-3499-4544-A72D-39641502E055}.Debug|Any CPU.Build.0 = Debug|Any CPU
		{5EED5525-3499-4544-A72D-39641502E055}.Release|Any CPU.ActiveCfg = Release|Any CPU
		{5EED5525-3499-4544-A72D-39641502E055}.Release|Any CPU.Build.0 = Release|Any CPU
		{6965E116-45AA-4386-945B-8EB47D820310}.Debug|Any CPU.ActiveCfg = Debug|Any CPU
		{6965E116-45AA-4386-945B-8EB47D820310}.Debug|Any CPU.Build.0 = Debug|Any CPU
		{6965E116-45AA-4386-945B-8EB47D820310}.Release|Any CPU.ActiveCfg = Release|Any CPU
		{6965E116-45AA-4386-945B-8EB47D820310}.Release|Any CPU.Build.0 = Release|Any CPU
	EndGlobalSection
	GlobalSection(SolutionProperties) = preSolution
		HideSolutionNode = FALSE
	EndGlobalSection
EndGlobal
